
Microsoft Visual Studio Solution File, Format Version 12.00
# Visual Studio Version 17
VisualStudioVersion = 17.7.34031.279
MinimumVisualStudioVersion = 10.0.40219.1
Project("{2150E333-8FDC-42A3-9474-1A3956D46DE8}") = "01-API", "01-API", "{E01959D5-2704-4FA4-BA04-018A8D9F7D68}"
EndProject
Project("{2150E333-8FDC-42A3-9474-1A3956D46DE8}") = "02-Application", "02-Application", "{14D41708-E123-4E8B-9093-7BCC7063F810}"
EndProject
Project("{2150E333-8FDC-42A3-9474-1A3956D46DE8}") = "03-Infra", "03-Infra", "{A5D2FDBE-C1D2-49D6-BA23-607E9887324E}"
EndProject
Project("{2150E333-8FDC-42A3-9474-1A3956D46DE8}") = "03.1-Infra.Data", "03.1-Infra.Data", "{F1FA5F8B-4F3E-46AE-9E87-1D473B1A2916}"
EndProject
Project("{2150E333-8FDC-42A3-9474-1A3956D46DE8}") = "02.1-Domain", "02.1-Domain", "{AF5FE434-BAB2-4CA7-889B-05D00834D211}"
EndProject
Project("{2150E333-8FDC-42A3-9474-1A3956D46DE8}") = "02.2-Services", "02.2-Services", "{E4EEDE51-82BD-4631-B7CD-239CAB5EF594}"
EndProject
Project("{FAE04EC0-301F-11D3-BF4B-00C04F79EFBC}") = "Domain.Core", "Domain.Core\Domain.Core.csproj", "{71CBCF46-CAD9-4301-8B32-19176AD2DD41}"
EndProject
Project("{FAE04EC0-301F-11D3-BF4B-00C04F79EFBC}") = "Infra.Data", "Infra.Data\Infra.Data.csproj", "{E36FB93D-E42A-4A45-A6E0-CA3CF78922F8}"
EndProject
Project("{FAE04EC0-301F-11D3-BF4B-00C04F79EFBC}") = "Services", "Services\Services.csproj", "{31876EBE-467D-4571-A400-D1C536797A33}"
EndProject
Project("{FAE04EC0-301F-11D3-BF4B-00C04F79EFBC}") = "LankApi", "LankApi\LankApi.csproj", "{37B95F42-45F8-4749-8E27-252F06FBEE44}"
EndProject
Global
	GlobalSection(SolutionConfigurationPlatforms) = preSolution
		Debug|Any CPU = Debug|Any CPU
		Release|Any CPU = Release|Any CPU
	EndGlobalSection
	GlobalSection(ProjectConfigurationPlatforms) = postSolution
		{71CBCF46-CAD9-4301-8B32-19176AD2DD41}.Debug|Any CPU.ActiveCfg = Debug|Any CPU
		{71CBCF46-CAD9-4301-8B32-19176AD2DD41}.Debug|Any CPU.Build.0 = Debug|Any CPU
		{71CBCF46-CAD9-4301-8B32-19176AD2DD41}.Release|Any CPU.ActiveCfg = Release|Any CPU
		{71CBCF46-CAD9-4301-8B32-19176AD2DD41}.Release|Any CPU.Build.0 = Release|Any CPU
		{E36FB93D-E42A-4A45-A6E0-CA3CF78922F8}.Debug|Any CPU.ActiveCfg = Debug|Any CPU
		{E36FB93D-E42A-4A45-A6E0-CA3CF78922F8}.Debug|Any CPU.Build.0 = Debug|Any CPU
		{E36FB93D-E42A-4A45-A6E0-CA3CF78922F8}.Release|Any CPU.ActiveCfg = Release|Any CPU
		{E36FB93D-E42A-4A45-A6E0-CA3CF78922F8}.Release|Any CPU.Build.0 = Release|Any CPU
		{31876EBE-467D-4571-A400-D1C536797A33}.Debug|Any CPU.ActiveCfg = Debug|Any CPU
		{31876EBE-467D-4571-A400-D1C536797A33}.Debug|Any CPU.Build.0 = Debug|Any CPU
		{31876EBE-467D-4571-A400-D1C536797A33}.Release|Any CPU.ActiveCfg = Release|Any CPU
		{31876EBE-467D-4571-A400-D1C536797A33}.Release|Any CPU.Build.0 = Release|Any CPU
		{37B95F42-45F8-4749-8E27-252F06FBEE44}.Debug|Any CPU.ActiveCfg = Debug|Any CPU
		{37B95F42-45F8-4749-8E27-252F06FBEE44}.Debug|Any CPU.Build.0 = Debug|Any CPU
		{37B95F42-45F8-4749-8E27-252F06FBEE44}.Release|Any CPU.ActiveCfg = Release|Any CPU
		{37B95F42-45F8-4749-8E27-252F06FBEE44}.Release|Any CPU.Build.0 = Release|Any CPU
	EndGlobalSection
	GlobalSection(SolutionProperties) = preSolution
		HideSolutionNode = FALSE
	EndGlobalSection
	GlobalSection(NestedProjects) = preSolution
		{F1FA5F8B-4F3E-46AE-9E87-1D473B1A2916} = {A5D2FDBE-C1D2-49D6-BA23-607E9887324E}
		{AF5FE434-BAB2-4CA7-889B-05D00834D211} = {14D41708-E123-4E8B-9093-7BCC7063F810}
		{E4EEDE51-82BD-4631-B7CD-239CAB5EF594} = {14D41708-E123-4E8B-9093-7BCC7063F810}
		{71CBCF46-CAD9-4301-8B32-19176AD2DD41} = {AF5FE434-BAB2-4CA7-889B-05D00834D211}
		{E36FB93D-E42A-4A45-A6E0-CA3CF78922F8} = {F1FA5F8B-4F3E-46AE-9E87-1D473B1A2916}
		{31876EBE-467D-4571-A400-D1C536797A33} = {E4EEDE51-82BD-4631-B7CD-239CAB5EF594}
		{37B95F42-45F8-4749-8E27-252F06FBEE44} = {E01959D5-2704-4FA4-BA04-018A8D9F7D68}
	EndGlobalSection
	GlobalSection(ExtensibilityGlobals) = postSolution
		SolutionGuid = {CB81D805-A846-4B21-A2D2-002C94C890A9}
	EndGlobalSection
EndGlobal
